# THIS IS AN AUTOGENERATED FILE. DO NOT EDIT THIS FILE DIRECTLY.
# yarn lockfile v1


"@types/node@^20.10.6":
  version "20.19.27"
  resolved "https://registry.yarnpkg.com/@types/node/-/node-20.19.27.tgz#d51333f77953a5e4e71d3b5aefa83ec5297fbb80"
  integrity sha512-N2clP5pJhB2YnZJ3PIHFk5RkygRX5WO/5f0WC08tp0wd+sv0rsJk3MqWn3CbNmT2J505a5336jaQj4ph1AdMug==
  dependencies:
    undici-types "~6.21.0"

typescript@^5.3.3:
  version "5.9.3"
  resolved "https://registry.yarnpkg.com/typescript/-/typescript-5.9.3.tgz#5b4f59e15310ab17a216f5d6cf53ee476ede670f"
  integrity sha512-jl1vZzPDinLr9eUt3J/t7V6FgNEw9QjvBPdysz9KfQDD41fQrC2Y4vKQdiaUpFT4bXlb1RHhLpp8wtm6M5TgSw==

undici-types@~6.21.0:
  version "6.21.0"
  resolved "https://registry.yarnpkg.com/undici-types/-/undici-types-6.21.0.tgz#691d00af3909be93a7faa13be61b3a5b50ef12cb"
  integrity sha512-iwDZqg0QAGrg9Rav5H4n0M64c3mkR59cJ6wQp+7C4nI0gsmExaedaYLNO44eT4AtBBwjbTiGPMlt2Md0T9H9JQ==
